
Microsoft Visual Studio Solution File, Format Version 12.00
# Visual Studio Version 17
VisualStudioVersion = 17.0.31903.59
MinimumVisualStudioVersion = 10.0.40219.1
Project("{2150E333-8FDC-42A3-9474-1A3956D46DE8}") = "Docs", "Docs", "{EFEE0F68-5713-4B6C-99D6-88F51C08F678}"
	ProjectSection(SolutionItems) = preProject
		CONTEXT.md = CONTEXT.md
		docs\build-order.md = docs\build-order.md
		docs\example-session.md = docs\example-session.md
		docs\hosting-cost-decision.md = docs\hosting-cost-decision.md
	EndProjectSection
EndProject
Project("{2150E333-8FDC-42A3-9474-1A3956D46DE8}") = "adr", "adr", "{9ADE9AEC-C3C5-4343-B2DA-B67D0788C92D}"
	ProjectSection(SolutionItems) = preProject
		docs\adr\0001-sync-runs-at-home.md = docs\adr\0001-sync-runs-at-home.md
		docs\adr\0002-own-datastore-is-the-system-of-record.md = docs\adr\0002-own-datastore-is-the-system-of-record.md
		docs\adr\0003-python-for-garmin-dotnet-for-the-rest.md = docs\adr\0003-python-for-garmin-dotnet-for-the-rest.md
		docs\adr\0004-garmin-writes-are-additive-only.md = docs\adr\0004-garmin-writes-are-additive-only.md
		docs\adr\0005-bounded-resumable-sync.md = docs\adr\0005-bounded-resumable-sync.md
		docs\adr\0006-garmin-token-file-location.md = docs\adr\0006-garmin-token-file-location.md
		docs\adr\0007-prescription-needs-per-exerciseset-detail.md = docs\adr\0007-prescription-needs-per-exerciseset-detail.md
		docs\adr\0008-one-heart-rate-zone-set.md = docs\adr\0008-one-heart-rate-zone-set.md
		docs\adr\0009-trainingload-has-two-axes.md = docs\adr\0009-trainingload-has-two-axes.md
	EndProjectSection
EndProject
Project("{2150E333-8FDC-42A3-9474-1A3956D46DE8}") = "agents", "agents", "{B3BE0EBF-4AC1-4D9D-A26B-10AD35452E72}"
	ProjectSection(SolutionItems) = preProject
		docs\agents\domain.md = docs\agents\domain.md
		docs\agents\issue-tracker.md = docs\agents\issue-tracker.md
		docs\agents\triage-labels.md = docs\agents\triage-labels.md
	EndProjectSection
EndProject
Project("{2150E333-8FDC-42A3-9474-1A3956D46DE8}") = "Fixtures", "Fixtures", "{78695B84-ACCE-4F58-B2C0-27DFED237D05}"
EndProject
Project("{2150E333-8FDC-42A3-9474-1A3956D46DE8}") = "garmin", "garmin", "{C10CB272-332B-4B5B-AA9E-43E601637523}"
	ProjectSection(SolutionItems) = preProject
		fixtures\garmin\activitylist-service--search-activities__page-00.json = fixtures\garmin\activitylist-service--search-activities__page-00.json
		fixtures\garmin\activity-service--exerciseSets__activity-23898645459.json = fixtures\garmin\activity-service--exerciseSets__activity-23898645459.json
		fixtures\garmin\activity-service--exerciseSets__activity-23930958725.json = fixtures\garmin\activity-service--exerciseSets__activity-23930958725.json
		fixtures\garmin\activity-service--exerciseSets__activity-24011353395.json = fixtures\garmin\activity-service--exerciseSets__activity-24011353395.json
		fixtures\garmin\activity-service--exerciseSets__activity-24098326007.json = fixtures\garmin\activity-service--exerciseSets__activity-24098326007.json
		fixtures\garmin\activity-service--exerciseSets__activity-24185357395.json = fixtures\garmin\activity-service--exerciseSets__activity-24185357395.json
		fixtures\garmin\activity-service--exerciseSets__activity-24272601315.json = fixtures\garmin\activity-service--exerciseSets__activity-24272601315.json
		fixtures\garmin\activity-service--exerciseSets__activity-24444892080.json = fixtures\garmin\activity-service--exerciseSets__activity-24444892080.json
		fixtures\garmin\activity-service--hrTimeInZones__activity-23965663197.json = fixtures\garmin\activity-service--hrTimeInZones__activity-23965663197.json
		fixtures\garmin\activity-service--hrTimeInZones__activity-23984557387.json = fixtures\garmin\activity-service--hrTimeInZones__activity-23984557387.json
		fixtures\garmin\activity-service--hrTimeInZones__activity-24052567443.json = fixtures\garmin\activity-service--hrTimeInZones__activity-24052567443.json
		fixtures\garmin\activity-service--hrTimeInZones__activity-24174672446.json = fixtures\garmin\activity-service--hrTimeInZones__activity-24174672446.json
		fixtures\garmin\activity-service--hrTimeInZones__activity-24211302187.json = fixtures\garmin\activity-service--hrTimeInZones__activity-24211302187.json
		fixtures\garmin\activity-service--hrTimeInZones__activity-24238408527.json = fixtures\garmin\activity-service--hrTimeInZones__activity-24238408527.json
		fixtures\garmin\activity-service--hrTimeInZones__activity-24313465171.json = fixtures\garmin\activity-service--hrTimeInZones__activity-24313465171.json
		fixtures\garmin\activity-service--hrTimeInZones__activity-24399329227.json = fixtures\garmin\activity-service--hrTimeInZones__activity-24399329227.json
		fixtures\garmin\biometric-service--heartRateZones.json = fixtures\garmin\biometric-service--heartRateZones.json
		fixtures\garmin\exercise-set-cases.md = fixtures\garmin\exercise-set-cases.md
		fixtures\garmin\index.json = fixtures\garmin\index.json
		fixtures\garmin\README.md = fixtures\garmin\README.md
	EndProjectSection
EndProject
Project("{2150E333-8FDC-42A3-9474-1A3956D46DE8}") = "gaudit", "gaudit", "{5A1575AC-FD78-423D-8580-EB169C54A664}"
	ProjectSection(SolutionItems) = preProject
		gaudit\tax_actanalysis.py = gaudit\tax_actanalysis.py
		gaudit\tax_pyproject.toml = gaudit\tax_pyproject.toml
		gaudit\tax_README.md = gaudit\tax_README.md
		gaudit\tax_training.py = gaudit\tax_training.py
		gaudit\tax_wb.py = gaudit\tax_wb.py
		gaudit\tax_workouts.py = gaudit\tax_workouts.py
	EndProjectSection
EndProject
Project("{2150E333-8FDC-42A3-9474-1A3956D46DE8}") = "Solution Items", "Solution Items", "{001D62EF-D3A4-45A1-B227-CEB0217BABC4}"
	ProjectSection(SolutionItems) = preProject
		.dockerignore = .dockerignore
		.gitignore = .gitignore
		Directory.Build.props = Directory.Build.props
		Dockerfile = Dockerfile
		README.md = README.md
		AGENTS.md = AGENTS.md
		CLAUDE.md = CLAUDE.md
	EndProjectSection
EndProject
Project("{2150E333-8FDC-42A3-9474-1A3956D46DE8}") = "Infrastructure", "Infrastructure", "{1CF72A17-82C9-4CF0-8C9D-E1AD5B80DE4F}"
	ProjectSection(SolutionItems) = preProject
		infra\app.bicep = infra\app.bicep
		infra\deploy.ps1 = infra\deploy.ps1
		infra\foundation.bicep = infra\foundation.bicep
		infra\grant-database-access.ps1 = infra\grant-database-access.ps1
		infra\grant-app.sql = infra\grant-app.sql
		infra\publish-image.ps1 = infra\publish-image.ps1
		infra\smoke.ps1 = infra\smoke.ps1
	EndProjectSection
EndProject
Project("{2150E333-8FDC-42A3-9474-1A3956D46DE8}") = "Specs", "Specs", "{297033D4-477B-4DB0-ABEE-930136AC31EC}"
	ProjectSection(SolutionItems) = preProject
		.scratch\00-README.md = .scratch\00-README.md
		.scratch\01-strength-data-spike.md = .scratch\01-strength-data-spike.md
		.scratch\02-athlete-profile-vertical-slice.md = .scratch\02-athlete-profile-vertical-slice.md
		.scratch\03-garmin-sync.md = .scratch\03-garmin-sync.md
		.scratch\04-macrocycle-and-prescription.md = .scratch\04-macrocycle-and-prescription.md
		.scratch\05-garmin-writeback.md = .scratch\05-garmin-writeback.md
		.scratch\literature-pass-2026-10-07.md = .scratch\literature-pass-2026-10-07.md
		.scratch\metric-backtest-spike.md = .scratch\metric-backtest-spike.md
	EndProjectSection
EndProject
Project("{2150E333-8FDC-42A3-9474-1A3956D46DE8}") = "01-strength-data-spike", "01-strength-data-spike", "{F7931667-6C19-4EA8-B704-2DDF4249D295}"
EndProject
Project("{2150E333-8FDC-42A3-9474-1A3956D46DE8}") = "issues", "issues", "{2B45FE8A-6E84-48F6-973E-A66C6CA3C817}"
	ProjectSection(SolutionItems) = preProject
		.scratch\01-strength-data-spike\issues\01-authenticated-dump-harness.md = .scratch\01-strength-data-spike\issues\01-authenticated-dump-harness.md
		.scratch\01-strength-data-spike\issues\02-exercise-set-dumps.md = .scratch\01-strength-data-spike\issues\02-exercise-set-dumps.md
		.scratch\01-strength-data-spike\issues\03-heart-rate-zone-dumps.md = .scratch\01-strength-data-spike\issues\03-heart-rate-zone-dumps.md
		.scratch\01-strength-data-spike\issues\04-findings-and-fixture-corpus.md = .scratch\01-strength-data-spike\issues\04-findings-and-fixture-corpus.md
	EndProjectSection
EndProject
Project("{2150E333-8FDC-42A3-9474-1A3956D46DE8}") = "spikes", "spikes", "{3EB856F6-99B3-45EF-B0D7-92E9D3D4FC34}"
EndProject
Project("{2150E333-8FDC-42A3-9474-1A3956D46DE8}") = "strength-data-spike", "strength-data-spike", "{D53C39C2-5F3F-4DF6-8DD5-13E6C1693081}"
	ProjectSection(SolutionItems) = preProject
		spikes\strength-data-spike\activity-list-field-check.md = spikes\strength-data-spike\activity-list-field-check.md
		spikes\strength-data-spike\dump_garmin.py = spikes\strength-data-spike\dump_garmin.py
		spikes\strength-data-spike\exercise-set-coverage.md = spikes\strength-data-spike\exercise-set-coverage.md
		spikes\strength-data-spike\findings.md = spikes\strength-data-spike\findings.md
		spikes\strength-data-spike\heart-rate-zone-coverage.md = spikes\strength-data-spike\heart-rate-zone-coverage.md
		spikes\strength-data-spike\README.md = spikes\strength-data-spike\README.md
		spikes\strength-data-spike\requirements.txt = spikes\strength-data-spike\requirements.txt
		spikes\strength-data-spike\scrub_dumps.py = spikes\strength-data-spike\scrub_dumps.py
		spikes\strength-data-spike\test_dump_garmin.py = spikes\strength-data-spike\test_dump_garmin.py
		spikes\strength-data-spike\test_scrub_dumps.py = spikes\strength-data-spike\test_scrub_dumps.py
	EndProjectSection
EndProject
Project("{2150E333-8FDC-42A3-9474-1A3956D46DE8}") = "02-athlete-profile-vertical-slice", "02-athlete-profile-vertical-slice", "{678D4C08-D024-4B47-AAD7-F7A35D098328}"
EndProject
Project("{2150E333-8FDC-42A3-9474-1A3956D46DE8}") = "issues", "issues", "{5EB98E31-58D8-4168-BE79-37D0F1A20F83}"
	ProjectSection(SolutionItems) = preProject
		.scratch\02-athlete-profile-vertical-slice\issues\01-body-weight-through-mcp.md = .scratch\02-athlete-profile-vertical-slice\issues\01-body-weight-through-mcp.md
		.scratch\02-athlete-profile-vertical-slice\issues\02-provision-and-deploy.md = .scratch\02-athlete-profile-vertical-slice\issues\02-provision-and-deploy.md
		.scratch\02-athlete-profile-vertical-slice\issues\03-connect-chatgpt-and-claude.md = .scratch\02-athlete-profile-vertical-slice\issues\03-connect-chatgpt-and-claude.md
		.scratch\02-athlete-profile-vertical-slice\issues\04-stable-facts-and-goal.md = .scratch\02-athlete-profile-vertical-slice\issues\04-stable-facts-and-goal.md
		.scratch\02-athlete-profile-vertical-slice\issues\05-temporary-constraints.md = .scratch\02-athlete-profile-vertical-slice\issues\05-temporary-constraints.md
	EndProjectSection
EndProject
Project("{2150E333-8FDC-42A3-9474-1A3956D46DE8}") = "03-garmin-sync", "03-garmin-sync", "{A1E4C0D2-7B36-4F58-9C21-5D8E3F6A2B14}"
EndProject
Project("{2150E333-8FDC-42A3-9474-1A3956D46DE8}") = "issues", "issues", "{C7F2B9A4-1D68-4E03-8A5F-6B4C9E1D720A}"
	ProjectSection(SolutionItems) = preProject
		.scratch\03-garmin-sync\issues\01-activities-into-the-store.md = .scratch\03-garmin-sync\issues\01-activities-into-the-store.md
		.scratch\03-garmin-sync\issues\02-watermark-bounded-resumable-runs.md = .scratch\03-garmin-sync\issues\02-watermark-bounded-resumable-runs.md
		.scratch\03-garmin-sync\issues\03-strength-exerciseset-detail.md = .scratch\03-garmin-sync\issues\03-strength-exerciseset-detail.md
		.scratch\03-garmin-sync\issues\04-cardio-time-in-zones.md = .scratch\03-garmin-sync\issues\04-cardio-time-in-zones.md
		.scratch\03-garmin-sync\issues\05-daily-wellness.md = .scratch\03-garmin-sync\issues\05-daily-wellness.md
		.scratch\03-garmin-sync\issues\06-daily-form.md = .scratch\03-garmin-sync\issues\06-daily-form.md
		.scratch\03-garmin-sync\issues\07-failure-and-reauthentication-notifications.md = .scratch\03-garmin-sync\issues\07-failure-and-reauthentication-notifications.md
		.scratch\03-garmin-sync\issues\08-scheduled-and-manual-runs.md = .scratch\03-garmin-sync\issues\08-scheduled-and-manual-runs.md
		.scratch\03-garmin-sync\issues\09-export-archive-backfill.md = .scratch\03-garmin-sync\issues\09-export-archive-backfill.md
		.scratch\03-garmin-sync\issues\10-export-fit-per-set-detail.md = .scratch\03-garmin-sync\issues\10-export-fit-per-set-detail.md
	EndProjectSection
EndProject
Project("{2150E333-8FDC-42A3-9474-1A3956D46DE8}") = "Migrations", "Migrations", "{ABF7D3CB-0931-45E8-AE47-832D9411A212}"
	ProjectSection(SolutionItems) = preProject
		src\OakShore.Coach.Infrastructure\Migrations\0004_TemporaryConstraints.sql = src\OakShore.Coach.Infrastructure\Migrations\0004_TemporaryConstraints.sql
		src\OakShore.Coach.Infrastructure\Migrations\0005_Activities.sql = src\OakShore.Coach.Infrastructure\Migrations\0005_Activities.sql
		src\OakShore.Coach.Infrastructure\Migrations\0006_ActivityName.sql = src\OakShore.Coach.Infrastructure\Migrations\0006_ActivityName.sql
	EndProjectSection
EndProject
Project("{2150E333-8FDC-42A3-9474-1A3956D46DE8}") = "Sync", "Sync", "{C235129B-A641-43ED-941A-F524366EA99A}"
	ProjectSection(SolutionItems) = preProject
		src\sync\garmin_client.py = src\sync\garmin_client.py
		src\sync\requirements.txt = src\sync\requirements.txt
		src\sync\sync_activities.py = src\sync\sync_activities.py
		src\sync\watermark.py = src\sync\watermark.py
	EndProjectSection
EndProject
Project("{2150E333-8FDC-42A3-9474-1A3956D46DE8}") = "Python tests", "Python tests", "{C6DA51B4-D77B-4FD2-B64B-E19D60C0045A}"
	ProjectSection(SolutionItems) = preProject
		tests\python\test_sync_activities.py = tests\python\test_sync_activities.py
		tests\python\test_sync_watermark.py = tests\python\test_sync_watermark.py
	EndProjectSection
EndProject
Project("{2150E333-8FDC-42A3-9474-1A3956D46DE8}") = "src", "src", "{827E0CD3-B72D-47B6-A68D-7590B98EB39B}"
EndProject
Project("{FAE04EC0-301F-11D3-BF4B-00C04F79EFBC}") = "OakShore.Coach.Domain", "src\OakShore.Coach.Domain\OakShore.Coach.Domain.csproj", "{89D300BE-D87A-43D6-B618-F0C071CAA92D}"
EndProject
Project("{FAE04EC0-301F-11D3-BF4B-00C04F79EFBC}") = "OakShore.Coach.Infrastructure", "src\OakShore.Coach.Infrastructure\OakShore.Coach.Infrastructure.csproj", "{964BCB3B-A2FD-4FD1-A774-78123BE72130}"
EndProject
Project("{FAE04EC0-301F-11D3-BF4B-00C04F79EFBC}") = "OakShore.Coach.Api", "src\OakShore.Coach.Api\OakShore.Coach.Api.csproj", "{8DF631A1-F9B9-4246-9D14-BDD45E5ADF0C}"
EndProject
Project("{FAE04EC0-301F-11D3-BF4B-00C04F79EFBC}") = "OakShore.Coach.Api.Tests", "tests\OakShore.Coach.Api.Tests\OakShore.Coach.Api.Tests.csproj", "{AC027FAC-0924-4CDD-AFAA-9BD417F518A4}"
EndProject
Project("{FAE04EC0-301F-11D3-BF4B-00C04F79EFBC}") = "OakShore.Coach.ArchitectureTests", "tests\OakShore.Coach.ArchitectureTests\OakShore.Coach.ArchitectureTests.csproj", "{2E48B232-0D9B-4E29-89DF-F50862E612AD}"
EndProject
Global
	GlobalSection(SolutionConfigurationPlatforms) = preSolution
		Debug|Any CPU = Debug|Any CPU
		Debug|x64 = Debug|x64
		Debug|x86 = Debug|x86
		Release|Any CPU = Release|Any CPU
		Release|x64 = Release|x64
		Release|x86 = Release|x86
	EndGlobalSection
	GlobalSection(ProjectConfigurationPlatforms) = postSolution
		{89D300BE-D87A-43D6-B618-F0C071CAA92D}.Debug|Any CPU.ActiveCfg = Debug|Any CPU
		{89D300BE-D87A-43D6-B618-F0C071CAA92D}.Debug|Any CPU.Build.0 = Debug|Any CPU
		{89D300BE-D87A-43D6-B618-F0C071CAA92D}.Debug|x64.ActiveCfg = Debug|Any CPU
		{89D300BE-D87A-43D6-B618-F0C071CAA92D}.Debug|x64.Build.0 = Debug|Any CPU
		{89D300BE-D87A-43D6-B618-F0C071CAA92D}.Debug|x86.ActiveCfg = Debug|Any CPU
		{89D300BE-D87A-43D6-B618-F0C071CAA92D}.Debug|x86.Build.0 = Debug|Any CPU
		{89D300BE-D87A-43D6-B618-F0C071CAA92D}.Release|Any CPU.ActiveCfg = Release|Any CPU
		{89D300BE-D87A-43D6-B618-F0C071CAA92D}.Release|Any CPU.Build.0 = Release|Any CPU
		{89D300BE-D87A-43D6-B618-F0C071CAA92D}.Release|x64.ActiveCfg = Release|Any CPU
		{89D300BE-D87A-43D6-B618-F0C071CAA92D}.Release|x64.Build.0 = Release|Any CPU
		{89D300BE-D87A-43D6-B618-F0C071CAA92D}.Release|x86.ActiveCfg = Release|Any CPU
		{89D300BE-D87A-43D6-B618-F0C071CAA92D}.Release|x86.Build.0 = Release|Any CPU
		{964BCB3B-A2FD-4FD1-A774-78123BE72130}.Debug|Any CPU.ActiveCfg = Debug|Any CPU
		{964BCB3B-A2FD-4FD1-A774-78123BE72130}.Debug|Any CPU.Build.0 = Debug|Any CPU
		{964BCB3B-A2FD-4FD1-A774-78123BE72130}.Debug|x64.ActiveCfg = Debug|Any CPU
		{964BCB3B-A2FD-4FD1-A774-78123BE72130}.Debug|x64.Build.0 = Debug|Any CPU
		{964BCB3B-A2FD-4FD1-A774-78123BE72130}.Debug|x86.ActiveCfg = Debug|Any CPU
		{964BCB3B-A2FD-4FD1-A774-78123BE72130}.Debug|x86.Build.0 = Debug|Any CPU
		{964BCB3B-A2FD-4FD1-A774-78123BE72130}.Release|Any CPU.ActiveCfg = Release|Any CPU
		{964BCB3B-A2FD-4FD1-A774-78123BE72130}.Release|Any CPU.Build.0 = Release|Any CPU
		{964BCB3B-A2FD-4FD1-A774-78123BE72130}.Release|x64.ActiveCfg = Release|Any CPU
		{964BCB3B-A2FD-4FD1-A774-78123BE72130}.Release|x64.Build.0 = Release|Any CPU
		{964BCB3B-A2FD-4FD1-A774-78123BE72130}.Release|x86.ActiveCfg = Release|Any CPU
		{964BCB3B-A2FD-4FD1-A774-78123BE72130}.Release|x86.Build.0 = Release|Any CPU
		{8DF631A1-F9B9-4246-9D14-BDD45E5ADF0C}.Debug|Any CPU.ActiveCfg = Debug|Any CPU
		{8DF631A1-F9B9-4246-9D14-BDD45E5ADF0C}.Debug|Any CPU.Build.0 = Debug|Any CPU
		{8DF631A1-F9B9-4246-9D14-BDD45E5ADF0C}.Debug|x64.ActiveCfg = Debug|Any CPU
		{8DF631A1-F9B9-4246-9D14-BDD45E5ADF0C}.Debug|x64.Build.0 = Debug|Any CPU
		{8DF631A1-F9B9-4246-9D14-BDD45E5ADF0C}.Debug|x86.ActiveCfg = Debug|Any CPU
		{8DF631A1-F9B9-4246-9D14-BDD45E5ADF0C}.Debug|x86.Build.0 = Debug|Any CPU
		{8DF631A1-F9B9-4246-9D14-BDD45E5ADF0C}.Release|Any CPU.ActiveCfg = Release|Any CPU
		{8DF631A1-F9B9-4246-9D14-BDD45E5ADF0C}.Release|Any CPU.Build.0 = Release|Any CPU
		{8DF631A1-F9B9-4246-9D14-BDD45E5ADF0C}.Release|x64.ActiveCfg = Release|Any CPU
		{8DF631A1-F9B9-4246-9D14-BDD45E5ADF0C}.Release|x64.Build.0 = Release|Any CPU
		{8DF631A1-F9B9-4246-9D14-BDD45E5ADF0C}.Release|x86.ActiveCfg = Release|Any CPU
		{8DF631A1-F9B9-4246-9D14-BDD45E5ADF0C}.Release|x86.Build.0 = Release|Any CPU
		{AC027FAC-0924-4CDD-AFAA-9BD417F518A4}.Debug|Any CPU.ActiveCfg = Debug|Any CPU
		{AC027FAC-0924-4CDD-AFAA-9BD417F518A4}.Debug|Any CPU.Build.0 = Debug|Any CPU
		{AC027FAC-0924-4CDD-AFAA-9BD417F518A4}.Debug|x64.ActiveCfg = Debug|Any CPU
		{AC027FAC-0924-4CDD-AFAA-9BD417F518A4}.Debug|x64.Build.0 = Debug|Any CPU
		{AC027FAC-0924-4CDD-AFAA-9BD417F518A4}.Debug|x86.ActiveCfg = Debug|Any CPU
		{AC027FAC-0924-4CDD-AFAA-9BD417F518A4}.Debug|x86.Build.0 = Debug|Any CPU
		{AC027FAC-0924-4CDD-AFAA-9BD417F518A4}.Release|Any CPU.ActiveCfg = Release|Any CPU
		{AC027FAC-0924-4CDD-AFAA-9BD417F518A4}.Release|Any CPU.Build.0 = Release|Any CPU
		{AC027FAC-0924-4CDD-AFAA-9BD417F518A4}.Release|x64.ActiveCfg = Release|Any CPU
		{AC027FAC-0924-4CDD-AFAA-9BD417F518A4}.Release|x64.Build.0 = Release|Any CPU
		{AC027FAC-0924-4CDD-AFAA-9BD417F518A4}.Release|x86.ActiveCfg = Release|Any CPU
		{AC027FAC-0924-4CDD-AFAA-9BD417F518A4}.Release|x86.Build.0 = Release|Any CPU
		{2E48B232-0D9B-4E29-89DF-F50862E612AD}.Debug|Any CPU.ActiveCfg = Debug|Any CPU
		{2E48B232-0D9B-4E29-89DF-F50862E612AD}.Debug|Any CPU.Build.0 = Debug|Any CPU
		{2E48B232-0D9B-4E29-89DF-F50862E612AD}.Debug|x64.ActiveCfg = Debug|Any CPU
		{2E48B232-0D9B-4E29-89DF-F50862E612AD}.Debug|x64.Build.0 = Debug|Any CPU
		{2E48B232-0D9B-4E29-89DF-F50862E612AD}.Debug|x86.ActiveCfg = Debug|Any CPU
		{2E48B232-0D9B-4E29-89DF-F50862E612AD}.Debug|x86.Build.0 = Debug|Any CPU
		{2E48B232-0D9B-4E29-89DF-F50862E612AD}.Release|Any CPU.ActiveCfg = Release|Any CPU
		{2E48B232-0D9B-4E29-89DF-F50862E612AD}.Release|Any CPU.Build.0 = Release|Any CPU
		{2E48B232-0D9B-4E29-89DF-F50862E612AD}.Release|x64.ActiveCfg = Release|Any CPU
		{2E48B232-0D9B-4E29-89DF-F50862E612AD}.Release|x64.Build.0 = Release|Any CPU
		{2E48B232-0D9B-4E29-89DF-F50862E612AD}.Release|x86.ActiveCfg = Release|Any CPU
		{2E48B232-0D9B-4E29-89DF-F50862E612AD}.Release|x86.Build.0 = Release|Any CPU
	EndGlobalSection
	GlobalSection(SolutionProperties) = preSolution
		HideSolutionNode = FALSE
	EndGlobalSection
	GlobalSection(NestedProjects) = preSolution
		{9ADE9AEC-C3C5-4343-B2DA-B67D0788C92D} = {EFEE0F68-5713-4B6C-99D6-88F51C08F678}
		{B3BE0EBF-4AC1-4D9D-A26B-10AD35452E72} = {EFEE0F68-5713-4B6C-99D6-88F51C08F678}
		{C10CB272-332B-4B5B-AA9E-43E601637523} = {78695B84-ACCE-4F58-B2C0-27DFED237D05}
		{F7931667-6C19-4EA8-B704-2DDF4249D295} = {297033D4-477B-4DB0-ABEE-930136AC31EC}
		{2B45FE8A-6E84-48F6-973E-A66C6CA3C817} = {F7931667-6C19-4EA8-B704-2DDF4249D295}
		{D53C39C2-5F3F-4DF6-8DD5-13E6C1693081} = {3EB856F6-99B3-45EF-B0D7-92E9D3D4FC34}
		{678D4C08-D024-4B47-AAD7-F7A35D098328} = {297033D4-477B-4DB0-ABEE-930136AC31EC}
		{5EB98E31-58D8-4168-BE79-37D0F1A20F83} = {678D4C08-D024-4B47-AAD7-F7A35D098328}
		{A1E4C0D2-7B36-4F58-9C21-5D8E3F6A2B14} = {297033D4-477B-4DB0-ABEE-930136AC31EC}
		{C7F2B9A4-1D68-4E03-8A5F-6B4C9E1D720A} = {A1E4C0D2-7B36-4F58-9C21-5D8E3F6A2B14}
		{89D300BE-D87A-43D6-B618-F0C071CAA92D} = {827E0CD3-B72D-47B6-A68D-7590B98EB39B}
		{964BCB3B-A2FD-4FD1-A774-78123BE72130} = {827E0CD3-B72D-47B6-A68D-7590B98EB39B}
		{8DF631A1-F9B9-4246-9D14-BDD45E5ADF0C} = {827E0CD3-B72D-47B6-A68D-7590B98EB39B}
		{AC027FAC-0924-4CDD-AFAA-9BD417F518A4} = {827E0CD3-B72D-47B6-A68D-7590B98EB39B}
		{2E48B232-0D9B-4E29-89DF-F50862E612AD} = {827E0CD3-B72D-47B6-A68D-7590B98EB39B}
		{ABF7D3CB-0931-45E8-AE47-832D9411A212} = {827E0CD3-B72D-47B6-A68D-7590B98EB39B}
		{C235129B-A641-43ED-941A-F524366EA99A} = {827E0CD3-B72D-47B6-A68D-7590B98EB39B}
	EndGlobalSection
EndGlobal
